lockfileVersion: '9.0'

settings:
  autoInstallPeers: true
  excludeLinksFromLockfile: false

importers:

  .:
    dependencies:
      '@tailwindcss/postcss':
        specifier: ^4.0.9
        version: 4.0.9
      '@tauri-apps/api':
        specifier: ^2
        version: 2.3.0
      '@tauri-apps/plugin-opener':
        specifier: ^2
        version: 2.2.6
      framer-motion:
        specifier: ^12.4.7
        version: 12.4.7(react-dom@18.3.1(react@18.3.1))(react@18.3.1)
      next:
        specifier: 14.2.24
        version: 14.2.24(react-dom@18.3.1(react@18.3.1))(react@18.3.1)
      postcss:
        specifier: ^8.5.3
        version: 8.5.3
      react:
        specifier: ^18.3.1
        version: 18.3.1
      react-dom:
        specifier: ^18.3.1
        version: 18.3.1(react@18.3.1)
      react-icons:
        specifier: ^5.5.0
        version: 5.5.0(react@18.3.1)
      tailwindcss:
        specifier: ^4.0.9
        version: 4.0.9
    devDependencies:
      '@tauri-apps/cli':
        specifier: ^2
        version: 2.3.1
      '@types/node':
        specifier: ^22.13.8
        version: 22.13.8
      '@types/react':
        specifier: ^18.3.1
        version: 18.3.18
      '@types/react-dom':
        specifier: ^18.3.1
        version: 18.3.5(@types/react@18.3.18)
      prettier:
        specifier: ^3.5.2
        version: 3.5.2
      prettier-plugin-tailwindcss:
        specifier: ^0.6.11
        version: 0.6.11(prettier@3.5.2)
      typescript:
        specifier: ~5.6.2
        version: 5.6.3

packages:

  '@alloc/quick-lru@5.2.0':
    resolution: {integrity: sha512-UrcABB+4bUrFABwbluTIBErXwvbsU/V7TZWfmbgJfbkwiBuziS9gxdODUyuiecfdGQ85jglMW6juS3+z5TsKLw==}
    engines: {node: '>=10'}

  '@next/env@14.2.24':
    resolution: {integrity: sha512-LAm0Is2KHTNT6IT16lxT+suD0u+VVfYNQqM+EJTKuFRRuY2z+zj01kueWXPCxbMBDt0B5vONYzabHGUNbZYAhA==}

  '@next/swc-darwin-arm64@14.2.24':
    resolution: {integrity: sha512-7Tdi13aojnAZGpapVU6meVSpNzgrFwZ8joDcNS8cJVNuP3zqqrLqeory9Xec5TJZR/stsGJdfwo8KeyloT3+rQ==}
    engines: {node: '>= 10'}
    cpu: [arm64]
    os: [darwin]

  '@next/swc-darwin-x64@14.2.24':
    resolution: {integrity: sha512-lXR2WQqUtu69l5JMdTwSvQUkdqAhEWOqJEYUQ21QczQsAlNOW2kWZCucA6b3EXmPbcvmHB1kSZDua/713d52xg==}
    engines: {node: '>= 10'}
    cpu: [x64]
    os: [darwin]

  '@next/swc-linux-arm64-gnu@14.2.24':
    resolution: {integrity: sha512-nxvJgWOpSNmzidYvvGDfXwxkijb6hL9+cjZx1PVG6urr2h2jUqBALkKjT7kpfurRWicK6hFOvarmaWsINT1hnA==}
    engines: {node: '>= 10'}
    cpu: [arm64]
    os: [linux]

  '@next/swc-linux-arm64-musl@14.2.24':
    resolution: {integrity: sha512-PaBgOPhqa4Abxa3y/P92F3kklNPsiFjcjldQGT7kFmiY5nuFn8ClBEoX8GIpqU1ODP2y8P6hio6vTomx2Vy0UQ==}
    engines: {node: '>= 10'}
    cpu: [arm64]
    os: [linux]

  '@next/swc-linux-x64-gnu@14.2.24':
    resolution: {integrity: sha512-vEbyadiRI7GOr94hd2AB15LFVgcJZQWu7Cdi9cWjCMeCiUsHWA0U5BkGPuoYRnTxTn0HacuMb9NeAmStfBCLoQ==}
    engines: {node: '>= 10'}
    cpu: [x64]
    os: [linux]

  '@next/swc-linux-x64-musl@14.2.24':
    resolution: {integrity: sha512-df0FC9ptaYsd8nQCINCzFtDWtko8PNRTAU0/+d7hy47E0oC17tI54U/0NdGk7l/76jz1J377dvRjmt6IUdkpzQ==}
    engines: {node: '>= 10'}
    cpu: [x64]
    os: [linux]

  '@next/swc-win32-arm64-msvc@14.2.24':
    resolution: {integrity: sha512-ZEntbLjeYAJ286eAqbxpZHhDFYpYjArotQ+/TW9j7UROh0DUmX7wYDGtsTPpfCV8V+UoqHBPU7q9D4nDNH014Q==}
    engines: {node: '>= 10'}
    cpu: [arm64]
    os: [win32]

  '@next/swc-win32-ia32-msvc@14.2.24':
    resolution: {integrity: sha512-9KuS+XUXM3T6v7leeWU0erpJ6NsFIwiTFD5nzNg8J5uo/DMIPvCp3L1Ao5HjbHX0gkWPB1VrKoo/Il4F0cGK2Q==}
    engines: {node: '>= 10'}
    cpu: [ia32]
    os: [win32]

  '@next/swc-win32-x64-msvc@14.2.24':
    resolution: {integrity: sha512-cXcJ2+x0fXQ2CntaE00d7uUH+u1Bfp/E0HsNQH79YiLaZE5Rbm7dZzyAYccn3uICM7mw+DxoMqEfGXZtF4Fgaw==}
    engines: {node: '>= 10'}
    cpu: [x64]
    os: [win32]

  '@swc/counter@0.1.3':
    resolution: {integrity: sha512-e2BR4lsJkkRlKZ/qCHPw9ZaSxc0MVUd7gtbtaB7aMvHeJVYe8sOB8DBZkP2DtISHGSku9sCK6T6cnY0CtXrOCQ==}

  '@swc/helpers@0.5.5':
    resolution: {integrity: sha512-KGYxvIOXcceOAbEk4bi/dVLEK9z8sZ0uBB3Il5b1rhfClSpcX0yfRO0KmTkqR2cnQDymwLB+25ZyMzICg/cm/A==}

  '@tailwindcss/node@4.0.9':
    resolution: {integrity: sha512-tOJvdI7XfJbARYhxX+0RArAhmuDcczTC46DGCEziqxzzbIaPnfYaIyRT31n4u8lROrsO7Q6u/K9bmQHL2uL1bQ==}

  '@tailwindcss/oxide-android-arm64@4.0.9':
    resolution: {integrity: sha512-YBgy6+2flE/8dbtrdotVInhMVIxnHJPbAwa7U1gX4l2ThUIaPUp18LjB9wEH8wAGMBZUb//SzLtdXXNBHPUl6Q==}
    engines: {node: '>= 10'}
    cpu: [arm64]
    os: [android]

  '@tailwindcss/oxide-darwin-arm64@4.0.9':
    resolution: {integrity: sha512-pWdl4J2dIHXALgy2jVkwKBmtEb73kqIfMpYmcgESr7oPQ+lbcQ4+tlPeVXaSAmang+vglAfFpXQCOvs/aGSqlw==}
    engines: {node: '>= 10'}
    cpu: [arm64]
    os: [darwin]

  '@tailwindcss/oxide-darwin-x64@4.0.9':
    resolution: {integrity: sha512-4Dq3lKp0/C7vrRSkNPtBGVebEyWt9QPPlQctxJ0H3MDyiQYvzVYf8jKow7h5QkWNe8hbatEqljMj/Y0M+ERYJg==}
    engines: {node: '>= 10'}
    cpu: [x64]
    os: [darwin]

  '@tailwindcss/oxide-freebsd-x64@4.0.9':
    resolution: {integrity: sha512-k7U1RwRODta8x0uealtVt3RoWAWqA+D5FAOsvVGpYoI6ObgmnzqWW6pnVwz70tL8UZ/QXjeMyiICXyjzB6OGtQ==}
    engines: {node: '>= 10'}
    cpu: [x64]
    os: [freebsd]

  '@tailwindcss/oxide-linux-arm-gnueabihf@4.0.9':
    resolution: {integrity: sha512-NDDjVweHz2zo4j+oS8y3KwKL5wGCZoXGA9ruJM982uVJLdsF8/1AeKvUwKRlMBpxHt1EdWJSAh8a0Mfhl28GlQ==}
    engines: {node: '>= 10'}
    cpu: [arm]
    os: [linux]

  '@tailwindcss/oxide-linux-arm64-gnu@4.0.9':
    resolution: {integrity: sha512-jk90UZ0jzJl3Dy1BhuFfRZ2KP9wVKMXPjmCtY4U6fF2LvrjP5gWFJj5VHzfzHonJexjrGe1lMzgtjriuZkxagg==}
    engines: {node: '>= 10'}
    cpu: [arm64]
    os: [linux]

  '@tailwindcss/oxide-linux-arm64-musl@4.0.9':
    resolution: {integrity: sha512-3eMjyTC6HBxh9nRgOHzrc96PYh1/jWOwHZ3Kk0JN0Kl25BJ80Lj9HEvvwVDNTgPg154LdICwuFLuhfgH9DULmg==}
    engines: {node: '>= 10'}
    cpu: [arm64]
    os: [linux]

  '@tailwindcss/oxide-linux-x64-gnu@4.0.9':
    resolution: {integrity: sha512-v0D8WqI/c3WpWH1kq/HP0J899ATLdGZmENa2/emmNjubT0sWtEke9W9+wXeEoACuGAhF9i3PO5MeyditpDCiWQ==}
    engines: {node: '>= 10'}
    cpu: [x64]
    os: [linux]

  '@tailwindcss/oxide-linux-x64-musl@4.0.9':
    resolution: {integrity: sha512-Kvp0TCkfeXyeehqLJr7otsc4hd/BUPfcIGrQiwsTVCfaMfjQZCG7DjI+9/QqPZha8YapLA9UoIcUILRYO7NE1Q==}
    engines: {node: '>= 10'}
    cpu: [x64]
    os: [linux]

  '@tailwindcss/oxide-win32-arm64-msvc@4.0.9':
    resolution: {integrity: sha512-m3+60T/7YvWekajNq/eexjhV8z10rswcz4BC9bioJ7YaN+7K8W2AmLmG0B79H14m6UHE571qB0XsPus4n0QVgQ==}
    engines: {node: '>= 10'}
    cpu: [arm64]
    os: [win32]

  '@tailwindcss/oxide-win32-x64-msvc@4.0.9':
    resolution: {integrity: sha512-dpc05mSlqkwVNOUjGu/ZXd5U1XNch1kHFJ4/cHkZFvaW1RzbHmRt24gvM8/HC6IirMxNarzVw4IXVtvrOoZtxA==}
    engines: {node: '>= 10'}
    cpu: [x64]
    os: [win32]

  '@tailwindcss/oxide@4.0.9':
    resolution: {integrity: sha512-eLizHmXFqHswJONwfqi/WZjtmWZpIalpvMlNhTM99/bkHtUs6IqgI1XQ0/W5eO2HiRQcIlXUogI2ycvKhVLNcA==}
    engines: {node: '>= 10'}

  '@tailwindcss/postcss@4.0.9':
    resolution: {integrity: sha512-BT/E+pdMqulavEAVM5NCpxmGEwHiLDPpkmg/c/X25ZBW+izTe+aZ+v1gf/HXTrihRoCxrUp5U4YyHsBTzspQKQ==}

  '@tauri-apps/api@2.3.0':
    resolution: {integrity: sha512-33Z+0lX2wgZbx1SPFfqvzI6su63hCBkbzv+5NexeYjIx7WA9htdOKoRR7Dh3dJyltqS5/J8vQFyybiRoaL0hlA==}

  '@tauri-apps/cli-darwin-arm64@2.3.1':
    resolution: {integrity: sha512-TOhSdsXYt+f+asRU+Dl+Wufglj/7+CX9h8RO4hl5k7D6lR4L8yTtdhpS7btaclOMmjYC4piNfJE70GoxhOoYWw==}
    engines: {node: '>= 10'}
    cpu: [arm64]
    os: [darwin]

  '@tauri-apps/cli-darwin-x64@2.3.1':
    resolution: {integrity: sha512-LDwGg3AuBQ3aCeMAFaFwt0MSGOVFoXuXEe0z4QxQ7jZE5tdAOhKABaq4i569V5lShCgQZ6nLD/tmA5+GipvHnA==}
    engines: {node: '>= 10'}
    cpu: [x64]
    os: [darwin]

  '@tauri-apps/cli-linux-arm-gnueabihf@2.3.1':
    resolution: {integrity: sha512-hu3HpbbtJBvHXw5i54QHwLxOUoXWqhf7CL2YYSPOrWEEQo10NKddulP61L5gfr5z+bSSaitfLwqgTidgnaNJCA==}
    engines: {node: '>= 10'}
    cpu: [arm]
    os: [linux]

  '@tauri-apps/cli-linux-arm64-gnu@2.3.1':
    resolution: {integrity: sha512-mEGgwkiGSKYXWHhGodo7zU9PCd2I/d6KkR+Wp1nzK+DxsCrEK6yJ5XxYLSQSDcKkM4dCxpVEPUiVMbDhmn08jg==}
    engines: {node: '>= 10'}
    cpu: [arm64]
    os: [linux]

  '@tauri-apps/cli-linux-arm64-musl@2.3.1':
    resolution: {integrity: sha512-tqQkafikGfnc7ISnGjSYkbpnzJKEyO8XSa0YOXTAL3J8R5Pss5ZIZY7G8kq1mwQSR/dPVR1ZLTVXgZGuysjP8w==}
    engines: {node: '>= 10'}
    cpu: [arm64]
    os: [linux]

  '@tauri-apps/cli-linux-x64-gnu@2.3.1':
    resolution: {integrity: sha512-I3puDJ2wGEauXlXbzIHn2etz78TaWs1cpN6zre02maHr6ZR7nf7euTCOGPhhfoMG0opA5mT/eLuYpVw648/VAA==}
    engines: {node: '>= 10'}
    cpu: [x64]
    os: [linux]

  '@tauri-apps/cli-linux-x64-musl@2.3.1':
    resolution: {integrity: sha512-rbWiCOBuQN7tPySkUyBs914uUikE3mEUOqV/IFospvKESw4UC3G1DL5+ybfXH7Orb8/in3JpJuVzYQjo+OSbBA==}
    engines: {node: '>= 10'}
    cpu: [x64]
    os: [linux]

  '@tauri-apps/cli-win32-arm64-msvc@2.3.1':
    resolution: {integrity: sha512-PdTmUzSeTHjJuBpCV7L+V29fPhPtToU+NZU46slHKSA1aT38MiFDXBZ/6P5Zudrt9QPMfIubqnJKbK8Ivvv7Ww==}
    engines: {node: '>= 10'}
    cpu: [arm64]
    os: [win32]

  '@tauri-apps/cli-win32-ia32-msvc@2.3.1':
    resolution: {integrity: sha512-K/Xa97kspWT4UWj3t26lL2D3QsopTAxS7kWi5kObdqtAGn3qD52qBi24FH38TdvHYz4QlnLIb30TukviCgh4gw==}
    engines: {node: '>= 10'}
    cpu: [ia32]
    os: [win32]

  '@tauri-apps/cli-win32-x64-msvc@2.3.1':
    resolution: {integrity: sha512-RgwzXbP8gAno3kQEsybMtgLp6D1Z1Nec2cftryYbPTJmoMJs6e4qgtxuTSbUz5SKnHe8rGgMiFSvEGoHvbG72Q==}
    engines: {node: '>= 10'}
    cpu: [x64]
    os: [win32]

  '@tauri-apps/cli@2.3.1':
    resolution: {integrity: sha512-xewcw/ZsCqgilTy2h7+pp2Baxoy7zLR2wXOV7SZLzkb6SshHVbm1BFAjn8iFATURRW85KLzl6wSGJ2dQHjVHqw==}
    engines: {node: '>= 10'}
    hasBin: true

  '@tauri-apps/plugin-opener@2.2.6':
    resolution: {integrity: sha512-bSdkuP71ZQRepPOn8BOEdBKYJQvl6+jb160QtJX/i2H9BF6ZySY/kYljh76N2Ne5fJMQRge7rlKoStYQY5Jq1w==}

  '@types/node@22.13.8':
    resolution: {integrity: sha512-G3EfaZS+iOGYWLLRCEAXdWK9my08oHNZ+FHluRiggIYJPOXzhOiDgpVCUHaUvyIC5/fj7C/p637jdzC666AOKQ==}

  '@types/prop-types@15.7.14':
    resolution: {integrity: sha512-gNMvNH49DJ7OJYv+KAKn0Xp45p8PLl6zo2YnvDIbTd4J6MER2BmWN49TG7n9LvkyihINxeKW8+3bfS2yDC9dzQ==}

  '@types/react-dom@18.3.5':
    resolution: {integrity: sha512-P4t6saawp+b/dFrUr2cvkVsfvPguwsxtH6dNIYRllMsefqFzkZk5UIjzyDOv5g1dXIPdG4Sp1yCR4Z6RCUsG/Q==}
    peerDependencies:
      '@types/react': ^18.0.0

  '@types/react@18.3.18':
    resolution: {integrity: sha512-t4yC+vtgnkYjNSKlFx1jkAhH8LgTo2N/7Qvi83kdEaUtMDiwpbLAktKDaAMlRcJ5eSxZkH74eEGt1ky31d7kfQ==}

  busboy@1.6.0:
    resolution: {integrity: sha512-8SFQbg/0hQ9xy3UNTB0YEnsNBbWfhf7RtnzpL7TkBiTBRfrQ9Fxcnz7VJsleJpyp6rVLvXiuORqjlHi5q+PYuA==}
    engines: {node: '>=10.16.0'}

  caniuse-lite@1.0.30001701:
    resolution: {integrity: sha512-faRs/AW3jA9nTwmJBSO1PQ6L/EOgsB5HMQQq4iCu5zhPgVVgO/pZRHlmatwijZKetFw8/Pr4q6dEN8sJuq8qTw==}

  client-only@0.0.1:
    resolution: {integrity: sha512-IV3Ou0jSMzZrd3pZ48nLkT9DA7Ag1pnPzaiQhpW7c3RbcqqzvzzVu+L8gfqMp/8IM2MQtSiqaCxrrcfu8I8rMA==}

  csstype@3.1.3:
    resolution: {integrity: sha512-M1uQkMl8rQK/szD0LNhtqxIPLpimGm8sOBwU7lLnCpSbTyY3yeU1Vc7l4KT5zT4s/yOxHH5O7tIuuLOCnLADRw==}

  detect-libc@1.0.3:
    resolution: {integrity: sha512-pGjwhsmsp4kL2RTz08wcOlGN83otlqHeD/Z5T8GXZB+/YcpQ/dgo+lbU8ZsGxV0HIvqqxo9l7mqYwyYMD9bKDg==}
    engines: {node: '>=0.10'}
    hasBin: true

  enhanced-resolve@5.18.1:
    resolution: {integrity: sha512-ZSW3ma5GkcQBIpwZTSRAI8N71Uuwgs93IezB7mf7R60tC8ZbJideoDNKjHn2O9KIlx6rkGTTEk1xUCK2E1Y2Yg==}
    engines: {node: '>=10.13.0'}

  framer-motion@12.4.7:
    resolution: {integrity: sha512-VhrcbtcAMXfxlrjeHPpWVu2+mkcoR31e02aNSR7OUS/hZAciKa8q6o3YN2mA1h+jjscRsSyKvX6E1CiY/7OLMw==}
    peerDependencies:
      '@emotion/is-prop-valid': '*'
      react: ^18.0.0 || ^19.0.0
      react-dom: ^18.0.0 || ^19.0.0
    peerDependenciesMeta:
      '@emotion/is-prop-valid':
        optional: true
      react:
        optional: true
      react-dom:
        optional: true

  graceful-fs@4.2.11:
    resolution: {integrity: sha512-RbJ5/jmFcNNCcDV5o9eTnBLJ/HszWV0P73bc+Ff4nS/rJj+YaS6IGyiOL0VoBYX+l1Wrl3k63h/KrH+nhJ0XvQ==}

  jiti@2.4.2:
    resolution: {integrity: sha512-rg9zJN+G4n2nfJl5MW3BMygZX56zKPNVEYYqq7adpmMh4Jn2QNEwhvQlFy6jPVdcod7txZtKHWnyZiA3a0zP7A==}
    hasBin: true

  js-tokens@4.0.0:
    resolution: {integrity: sha512-RdJUflcE3cUzKiMqQgsCu06FPu9UdIJO0beYbPhHN4k6apgJtifcoCtT9bcxOpYBtpD2kCM6Sbzg4CausW/PKQ==}

  lightningcss-darwin-arm64@1.29.1:
    resolution: {integrity: sha512-HtR5XJ5A0lvCqYAoSv2QdZZyoHNttBpa5EP9aNuzBQeKGfbyH5+UipLWvVzpP4Uml5ej4BYs5I9Lco9u1fECqw==}
    engines: {node: '>= 12.0.0'}
    cpu: [arm64]
    os: [darwin]

  lightningcss-darwin-x64@1.29.1:
    resolution: {integrity: sha512-k33G9IzKUpHy/J/3+9MCO4e+PzaFblsgBjSGlpAaFikeBFm8B/CkO3cKU9oI4g+fjS2KlkLM/Bza9K/aw8wsNA==}
    engines: {node: '>= 12.0.0'}
    cpu: [x64]
    os: [darwin]

  lightningcss-freebsd-x64@1.29.1:
    resolution: {integrity: sha512-0SUW22fv/8kln2LnIdOCmSuXnxgxVC276W5KLTwoehiO0hxkacBxjHOL5EtHD8BAXg2BvuhsJPmVMasvby3LiQ==}
    engines: {node: '>= 12.0.0'}
    cpu: [x64]
    os: [freebsd]

  lightningcss-linux-arm-gnueabihf@1.29.1:
    resolution: {integrity: sha512-sD32pFvlR0kDlqsOZmYqH/68SqUMPNj+0pucGxToXZi4XZgZmqeX/NkxNKCPsswAXU3UeYgDSpGhu05eAufjDg==}
    engines: {node: '>= 12.0.0'}
    cpu: [arm]
    os: [linux]

  lightningcss-linux-arm64-gnu@1.29.1:
    resolution: {integrity: sha512-0+vClRIZ6mmJl/dxGuRsE197o1HDEeeRk6nzycSy2GofC2JsY4ifCRnvUWf/CUBQmlrvMzt6SMQNMSEu22csWQ==}
    engines: {node: '>= 12.0.0'}
    cpu: [arm64]
    os: [linux]

  lightningcss-linux-arm64-musl@1.29.1:
    resolution: {integrity: sha512-UKMFrG4rL/uHNgelBsDwJcBqVpzNJbzsKkbI3Ja5fg00sgQnHw/VrzUTEc4jhZ+AN2BvQYz/tkHu4vt1kLuJyw==}
    engines: {node: '>= 12.0.0'}
    cpu: [arm64]
    os: [linux]

  lightningcss-linux-x64-gnu@1.29.1:
    resolution: {integrity: sha512-u1S+xdODy/eEtjADqirA774y3jLcm8RPtYztwReEXoZKdzgsHYPl0s5V52Tst+GKzqjebkULT86XMSxejzfISw==}
    engines: {node: '>= 12.0.0'}
    cpu: [x64]
    os: [linux]

  lightningcss-linux-x64-musl@1.29.1:
    resolution: {integrity: sha512-L0Tx0DtaNUTzXv0lbGCLB/c/qEADanHbu4QdcNOXLIe1i8i22rZRpbT3gpWYsCh9aSL9zFujY/WmEXIatWvXbw==}
    engines: {node: '>= 12.0.0'}
    cpu: [x64]
    os: [linux]

  lightningcss-win32-arm64-msvc@1.29.1:
    resolution: {integrity: sha512-QoOVnkIEFfbW4xPi+dpdft/zAKmgLgsRHfJalEPYuJDOWf7cLQzYg0DEh8/sn737FaeMJxHZRc1oBreiwZCjog==}
    engines: {node: '>= 12.0.0'}
    cpu: [arm64]
    os: [win32]

  lightningcss-win32-x64-msvc@1.29.1:
    resolution: {integrity: sha512-NygcbThNBe4JElP+olyTI/doBNGJvLs3bFCRPdvuCcxZCcCZ71B858IHpdm7L1btZex0FvCmM17FK98Y9MRy1Q==}
    engines: {node: '>= 12.0.0'}
    cpu: [x64]
    os: [win32]

  lightningcss@1.29.1:
    resolution: {integrity: sha512-FmGoeD4S05ewj+AkhTY+D+myDvXI6eL27FjHIjoyUkO/uw7WZD1fBVs0QxeYWa7E17CUHJaYX/RUGISCtcrG4Q==}
    engines: {node: '>= 12.0.0'}

  loose-envify@1.4.0:
    resolution: {integrity: sha512-lyuxPGr/Wfhrlem2CL/UcnUc1zcqKAImBDzukY7Y5F/yQiNdko6+fRLevlw1HgMySw7f611UIY408EtxRSoK3Q==}
    hasBin: true

  motion-dom@12.4.5:
    resolution: {integrity: sha512-Q2xmhuyYug1CGTo0jdsL05EQ4RhIYXlggFS/yPhQQRNzbrhjKQ1tbjThx5Plv68aX31LsUQRq4uIkuDxdO5vRQ==}

  motion-utils@12.0.0:
    resolution: {integrity: sha512-MNFiBKbbqnmvOjkPyOKgHUp3Q6oiokLkI1bEwm5QA28cxMZrv0CbbBGDNmhF6DIXsi1pCQBSs0dX8xjeER1tmA==}

  nanoid@3.3.8:
    resolution: {integrity: sha512-WNLf5Sd8oZxOm+TzppcYk8gVOgP+l58xNy58D0nbUnOxOWRWvlcCV4kUF7ltmI6PsrLl/BgKEyS4mqsGChFN0w==}
    engines: {node: ^10 || ^12 || ^13.7 || ^14 || >=15.0.1}
    hasBin: true

  next@14.2.24:
    resolution: {integrity: sha512-En8VEexSJ0Py2FfVnRRh8gtERwDRaJGNvsvad47ShkC2Yi8AXQPXEA2vKoDJlGFSj5WE5SyF21zNi4M5gyi+SQ==}
    engines: {node: '>=18.17.0'}
    hasBin: true
    peerDependencies:
      '@opentelemetry/api': ^1.1.0
      '@playwright/test': ^1.41.2
      react: ^18.2.0
      react-dom: ^18.2.0
      sass: ^1.3.0
    peerDependenciesMeta:
      '@opentelemetry/api':
        optional: true
      '@playwright/test':
        optional: true
      sass:
        optional: true

  picocolors@1.1.1:
    resolution: {integrity: sha512-xceH2snhtb5M9liqDsmEw56le376mTZkEX/jEb/RxNFyegNul7eNslCXP9FDj/Lcu0X8KEyMceP2ntpaHrDEVA==}

  postcss@8.4.31:
    resolution: {integrity: sha512-PS08Iboia9mts/2ygV3eLpY5ghnUcfLV/EXTOW1E2qYxJKGGBUtNjN76FYHnMs36RmARn41bC0AZmn+rR0OVpQ==}
    engines: {node: ^10 || ^12 || >=14}

  postcss@8.5.3:
    resolution: {integrity: sha512-dle9A3yYxlBSrt8Fu+IpjGT8SY8hN0mlaA6GY8t0P5PjIOZemULz/E2Bnm/2dcUOena75OTNkHI76uZBNUUq3A==}
    engines: {node: ^10 || ^12 || >=14}

  prettier-plugin-tailwindcss@0.6.11:
    resolution: {integrity: sha512-YxaYSIvZPAqhrrEpRtonnrXdghZg1irNg4qrjboCXrpybLWVs55cW2N3juhspVJiO0JBvYJT8SYsJpc8OQSnsA==}
    engines: {node: '>=14.21.3'}
    peerDependencies:
      '@ianvs/prettier-plugin-sort-imports': '*'
      '@prettier/plugin-pug': '*'
      '@shopify/prettier-plugin-liquid': '*'
      '@trivago/prettier-plugin-sort-imports': '*'
      '@zackad/prettier-plugin-twig': '*'
      prettier: ^3.0
      prettier-plugin-astro: '*'
      prettier-plugin-css-order: '*'
      prettier-plugin-import-sort: '*'
      prettier-plugin-jsdoc: '*'
      prettier-plugin-marko: '*'
      prettier-plugin-multiline-arrays: '*'
      prettier-plugin-organize-attributes: '*'
      prettier-plugin-organize-imports: '*'
      prettier-plugin-sort-imports: '*'
      prettier-plugin-style-order: '*'
      prettier-plugin-svelte: '*'
    peerDependenciesMeta:
      '@ianvs/prettier-plugin-sort-imports':
        optional: true
      '@prettier/plugin-pug':
        optional: true
      '@shopify/prettier-plugin-liquid':
        optional: true
      '@trivago/prettier-plugin-sort-imports':
        optional: true
      '@zackad/prettier-plugin-twig':
        optional: true
      prettier-plugin-astro:
        optional: true
      prettier-plugin-css-order:
        optional: true
      prettier-plugin-import-sort:
        optional: true
      prettier-plugin-jsdoc:
        optional: true
      prettier-plugin-marko:
        optional: true
      prettier-plugin-multiline-arrays:
        optional: true
      prettier-plugin-organize-attributes:
        optional: true
      prettier-plugin-organize-imports:
        optional: true
      prettier-plugin-sort-imports:
        optional: true
      prettier-plugin-style-order:
        optional: true
      prettier-plugin-svelte:
        optional: true

  prettier@3.5.2:
    resolution: {integrity: sha512-lc6npv5PH7hVqozBR7lkBNOGXV9vMwROAPlumdBkX0wTbbzPu/U1hk5yL8p2pt4Xoc+2mkT8t/sow2YrV/M5qg==}
    engines: {node: '>=14'}
    hasBin: true

  react-dom@18.3.1:
    resolution: {integrity: sha512-5m4nQKp+rZRb09LNH59GM4BxTh9251/ylbKIbpe7TpGxfJ+9kv6BLkLBXIjjspbgbnIBNqlI23tRnTWT0snUIw==}
    peerDependencies:
      react: ^18.3.1

  react-icons@5.5.0:
    resolution: {integrity: sha512-MEFcXdkP3dLo8uumGI5xN3lDFNsRtrjbOEKDLD7yv76v4wpnEq2Lt2qeHaQOr34I/wPN3s3+N08WkQ+CW37Xiw==}
    peerDependencies:
      react: '*'

  react@18.3.1:
    resolution: {integrity: sha512-wS+hAgJShR0KhEvPJArfuPVN1+Hz1t0Y6n5jLrGQbkb4urgPE/0Rve+1kMB1v/oWgHgm4WIcV+i7F2pTVj+2iQ==}
    engines: {node: '>=0.10.0'}

  scheduler@0.23.2:
    resolution: {integrity: sha512-UOShsPwz7NrMUqhR6t0hWjFduvOzbtv7toDH1/hIrfRNIDBnnBWd0CwJTGvTpngVlmwGCdP9/Zl/tVrDqcuYzQ==}

  source-map-js@1.2.1:
    resolution: {integrity: sha512-UXWMKhLOwVKb728IUtQPXxfYU+usdybtUrK/8uGE8CQMvrhOpwvzDBwj0QhSL7MQc7vIsISBG8VQ8+IDQxpfQA==}
    engines: {node: '>=0.10.0'}

  streamsearch@1.1.0:
    resolution: {integrity: sha512-Mcc5wHehp9aXz1ax6bZUyY5afg9u2rv5cqQI3mRrYkGC8rW2hM02jWuwjtL++LS5qinSyhj2QfLyNsuc+VsExg==}
    engines: {node: '>=10.0.0'}

  styled-jsx@5.1.1:
    resolution: {integrity: sha512-pW7uC1l4mBZ8ugbiZrcIsiIvVx1UmTfw7UkC3Um2tmfUq9Bhk8IiyEIPl6F8agHgjzku6j0xQEZbfA5uSgSaCw==}
    engines: {node: '>= 12.0.0'}
    peerDependencies:
      '@babel/core': '*'
      babel-plugin-macros: '*'
      react: '>= 16.8.0 || 17.x.x || ^18.0.0-0'
    peerDependenciesMeta:
      '@babel/core':
        optional: true
      babel-plugin-macros:
        optional: true

  tailwindcss@4.0.9:
    resolution: {integrity: sha512-12laZu+fv1ONDRoNR9ipTOpUD7RN9essRVkX36sjxuRUInpN7hIiHN4lBd/SIFjbISvnXzp8h/hXzmU8SQQYhw==}

  tapable@2.2.1:
    resolution: {integrity: sha512-GNzQvQTOIP6RyTfE2Qxb8ZVlNmw0n88vp1szwWRimP02mnTsx3Wtn5qRdqY9w2XduFNUgvOwhNnQsjwCp+kqaQ==}
    engines: {node: '>=6'}

  tslib@2.8.1:
    resolution: {integrity: sha512-oJFu94HQb+KVduSUQL7wnpmqnfmLsOA/nAh6b6EH0wCEoK0/mPeXU6c3wKDV83MkOuHPRHtSXKKU99IBazS/2w==}

  typescript@5.6.3:
    resolution: {integrity: sha512-hjcS1mhfuyi4WW8IWtjP7brDrG2cuDZukyrYrSauoXGNgx0S7zceP07adYkJycEr56BOUTNPzbInooiN3fn1qw==}
    engines: {node: '>=14.17'}
    hasBin: true

  undici-types@6.20.0:
    resolution: {integrity: sha512-Ny6QZ2Nju20vw1SRHe3d9jVu6gJ+4e3+MMpqu7pqE5HT6WsTSlce++GQmK5UXS8mzV8DSYHrQH+Xrf2jVcuKNg==}

snapshots:

  '@alloc/quick-lru@5.2.0': {}

  '@next/env@14.2.24': {}

  '@next/swc-darwin-arm64@14.2.24':
    optional: true

  '@next/swc-darwin-x64@14.2.24':
    optional: true

  '@next/swc-linux-arm64-gnu@14.2.24':
    optional: true

  '@next/swc-linux-arm64-musl@14.2.24':
    optional: true

  '@next/swc-linux-x64-gnu@14.2.24':
    optional: true

  '@next/swc-linux-x64-musl@14.2.24':
    optional: true

  '@next/swc-win32-arm64-msvc@14.2.24':
    optional: true

  '@next/swc-win32-ia32-msvc@14.2.24':
    optional: true

  '@next/swc-win32-x64-msvc@14.2.24':
    optional: true

  '@swc/counter@0.1.3': {}

  '@swc/helpers@0.5.5':
    dependencies:
      '@swc/counter': 0.1.3
      tslib: 2.8.1

  '@tailwindcss/node@4.0.9':
    dependencies:
      enhanced-resolve: 5.18.1
      jiti: 2.4.2
      tailwindcss: 4.0.9

  '@tailwindcss/oxide-android-arm64@4.0.9':
    optional: true

  '@tailwindcss/oxide-darwin-arm64@4.0.9':
    optional: true

  '@tailwindcss/oxide-darwin-x64@4.0.9':
    optional: true

  '@tailwindcss/oxide-freebsd-x64@4.0.9':
    optional: true

  '@tailwindcss/oxide-linux-arm-gnueabihf@4.0.9':
    optional: true

  '@tailwindcss/oxide-linux-arm64-gnu@4.0.9':
    optional: true

  '@tailwindcss/oxide-linux-arm64-musl@4.0.9':
    optional: true

  '@tailwindcss/oxide-linux-x64-gnu@4.0.9':
    optional: true

  '@tailwindcss/oxide-linux-x64-musl@4.0.9':
    optional: true

  '@tailwindcss/oxide-win32-arm64-msvc@4.0.9':
    optional: true

  '@tailwindcss/oxide-win32-x64-msvc@4.0.9':
    optional: true

  '@tailwindcss/oxide@4.0.9':
    optionalDependencies:
      '@tailwindcss/oxide-android-arm64': 4.0.9
      '@tailwindcss/oxide-darwin-arm64': 4.0.9
      '@tailwindcss/oxide-darwin-x64': 4.0.9
      '@tailwindcss/oxide-freebsd-x64': 4.0.9
      '@tailwindcss/oxide-linux-arm-gnueabihf': 4.0.9
      '@tailwindcss/oxide-linux-arm64-gnu': 4.0.9
      '@tailwindcss/oxide-linux-arm64-musl': 4.0.9
      '@tailwindcss/oxide-linux-x64-gnu': 4.0.9
      '@tailwindcss/oxide-linux-x64-musl': 4.0.9
      '@tailwindcss/oxide-win32-arm64-msvc': 4.0.9
      '@tailwindcss/oxide-win32-x64-msvc': 4.0.9

  '@tailwindcss/postcss@4.0.9':
    dependencies:
      '@alloc/quick-lru': 5.2.0
      '@tailwindcss/node': 4.0.9
      '@tailwindcss/oxide': 4.0.9
      lightningcss: 1.29.1
      postcss: 8.5.3
      tailwindcss: 4.0.9

  '@tauri-apps/api@2.3.0': {}

  '@tauri-apps/cli-darwin-arm64@2.3.1':
    optional: true

  '@tauri-apps/cli-darwin-x64@2.3.1':
    optional: true

  '@tauri-apps/cli-linux-arm-gnueabihf@2.3.1':
    optional: true

  '@tauri-apps/cli-linux-arm64-gnu@2.3.1':
    optional: true

  '@tauri-apps/cli-linux-arm64-musl@2.3.1':
    optional: true

  '@tauri-apps/cli-linux-x64-gnu@2.3.1':
    optional: true

  '@tauri-apps/cli-linux-x64-musl@2.3.1':
    optional: true

  '@tauri-apps/cli-win32-arm64-msvc@2.3.1':
    optional: true

  '@tauri-apps/cli-win32-ia32-msvc@2.3.1':
    optional: true

  '@tauri-apps/cli-win32-x64-msvc@2.3.1':
    optional: true

  '@tauri-apps/cli@2.3.1':
    optionalDependencies:
      '@tauri-apps/cli-darwin-arm64': 2.3.1
      '@tauri-apps/cli-darwin-x64': 2.3.1
      '@tauri-apps/cli-linux-arm-gnueabihf': 2.3.1
      '@tauri-apps/cli-linux-arm64-gnu': 2.3.1
      '@tauri-apps/cli-linux-arm64-musl': 2.3.1
      '@tauri-apps/cli-linux-x64-gnu': 2.3.1
      '@tauri-apps/cli-linux-x64-musl': 2.3.1
      '@tauri-apps/cli-win32-arm64-msvc': 2.3.1
      '@tauri-apps/cli-win32-ia32-msvc': 2.3.1
      '@tauri-apps/cli-win32-x64-msvc': 2.3.1

  '@tauri-apps/plugin-opener@2.2.6':
    dependencies:
      '@tauri-apps/api': 2.3.0

  '@types/node@22.13.8':
    dependencies:
      undici-types: 6.20.0

  '@types/prop-types@15.7.14': {}

  '@types/react-dom@18.3.5(@types/react@18.3.18)':
    dependencies:
      '@types/react': 18.3.18

  '@types/react@18.3.18':
    dependencies:
      '@types/prop-types': 15.7.14
      csstype: 3.1.3

  busboy@1.6.0:
    dependencies:
      streamsearch: 1.1.0

  caniuse-lite@1.0.30001701: {}

  client-only@0.0.1: {}

  csstype@3.1.3: {}

  detect-libc@1.0.3: {}

  enhanced-resolve@5.18.1:
    dependencies:
      graceful-fs: 4.2.11
      tapable: 2.2.1

  framer-motion@12.4.7(react-dom@18.3.1(react@18.3.1))(react@18.3.1):
    dependencies:
      motion-dom: 12.4.5
      motion-utils: 12.0.0
      tslib: 2.8.1
    optionalDependencies:
      react: 18.3.1
      react-dom: 18.3.1(react@18.3.1)

  graceful-fs@4.2.11: {}

  jiti@2.4.2: {}

  js-tokens@4.0.0: {}

  lightningcss-darwin-arm64@1.29.1:
    optional: true

  lightningcss-darwin-x64@1.29.1:
    optional: true

  lightningcss-freebsd-x64@1.29.1:
    optional: true

  lightningcss-linux-arm-gnueabihf@1.29.1:
    optional: true

  lightningcss-linux-arm64-gnu@1.29.1:
    optional: true

  lightningcss-linux-arm64-musl@1.29.1:
    optional: true

  lightningcss-linux-x64-gnu@1.29.1:
    optional: true

  lightningcss-linux-x64-musl@1.29.1:
    optional: true

  lightningcss-win32-arm64-msvc@1.29.1:
    optional: true

  lightningcss-win32-x64-msvc@1.29.1:
    optional: true

  lightningcss@1.29.1:
    dependencies:
      detect-libc: 1.0.3
    optionalDependencies:
      lightningcss-darwin-arm64: 1.29.1
      lightningcss-darwin-x64: 1.29.1
      lightningcss-freebsd-x64: 1.29.1
      lightningcss-linux-arm-gnueabihf: 1.29.1
      lightningcss-linux-arm64-gnu: 1.29.1
      lightningcss-linux-arm64-musl: 1.29.1
      lightningcss-linux-x64-gnu: 1.29.1
      lightningcss-linux-x64-musl: 1.29.1
      lightningcss-win32-arm64-msvc: 1.29.1
      lightningcss-win32-x64-msvc: 1.29.1

  loose-envify@1.4.0:
    dependencies:
      js-tokens: 4.0.0

  motion-dom@12.4.5:
    dependencies:
      motion-utils: 12.0.0

  motion-utils@12.0.0: {}

  nanoid@3.3.8: {}

  next@14.2.24(react-dom@18.3.1(react@18.3.1))(react@18.3.1):
    dependencies:
      '@next/env': 14.2.24
      '@swc/helpers': 0.5.5
      busboy: 1.6.0
      caniuse-lite: 1.0.30001701
      graceful-fs: 4.2.11
      postcss: 8.4.31
      react: 18.3.1
      react-dom: 18.3.1(react@18.3.1)
      styled-jsx: 5.1.1(react@18.3.1)
    optionalDependencies:
      '@next/swc-darwin-arm64': 14.2.24
      '@next/swc-darwin-x64': 14.2.24
      '@next/swc-linux-arm64-gnu': 14.2.24
      '@next/swc-linux-arm64-musl': 14.2.24
      '@next/swc-linux-x64-gnu': 14.2.24
      '@next/swc-linux-x64-musl': 14.2.24
      '@next/swc-win32-arm64-msvc': 14.2.24
      '@next/swc-win32-ia32-msvc': 14.2.24
      '@next/swc-win32-x64-msvc': 14.2.24
    transitivePeerDependencies:
      - '@babel/core'
      - babel-plugin-macros

  picocolors@1.1.1: {}

  postcss@8.4.31:
    dependencies:
      nanoid: 3.3.8
      picocolors: 1.1.1
      source-map-js: 1.2.1

  postcss@8.5.3:
    dependencies:
      nanoid: 3.3.8
      picocolors: 1.1.1
      source-map-js: 1.2.1

  prettier-plugin-tailwindcss@0.6.11(prettier@3.5.2):
    dependencies:
      prettier: 3.5.2

  prettier@3.5.2: {}

  react-dom@18.3.1(react@18.3.1):
    dependencies:
      loose-envify: 1.4.0
      react: 18.3.1
      scheduler: 0.23.2

  react-icons@5.5.0(react@18.3.1):
    dependencies:
      react: 18.3.1

  react@18.3.1:
    dependencies:
      loose-envify: 1.4.0

  scheduler@0.23.2:
    dependencies:
      loose-envify: 1.4.0

  source-map-js@1.2.1: {}

  streamsearch@1.1.0: {}

  styled-jsx@5.1.1(react@18.3.1):
    dependencies:
      client-only: 0.0.1
      react: 18.3.1

  tailwindcss@4.0.9: {}

  tapable@2.2.1: {}

  tslib@2.8.1: {}

  typescript@5.6.3: {}

  undici-types@6.20.0: {}
